
Microsoft Visual Studio Solution File, Format Version 12.00
Project("{FAE04EC0-301F-11D3-BF4B-00C04F79EFBC}") = "KS_BugTracker", "KS_BugTracker\KS_BugTracker.csproj", "{15824431-845C-4CFA-AD99-3E318E8EDFD1}"
EndProject
Global
	GlobalSection(SolutionConfigurationPlatforms) = preSolution
		Debug|Any CPU = Debug|Any CPU
		Release|Any CPU = Release|Any CPU
	EndGlobalSection
	GlobalSection(ProjectConfigurationPlatforms) = postSolution
		{15824431-845C-4CFA-AD99-3E318E8EDFD1}.Debug|Any CPU.ActiveCfg = Debug|Any CPU
		{15824431-845C-4CFA-AD99-3E318E8EDFD1}.Debug|Any CPU.Build.0 = Debug|Any CPU
		{15824431-845C-4CFA-AD99-3E318E8EDFD1}.Release|Any CPU.ActiveCfg = Release|Any CPU
		{15824431-845C-4CFA-AD99-3E318E8EDFD1}.Release|Any CPU.Build.0 = Release|Any CPU
	EndGlobalSection
EndGlobal
